dependencies:
  date-fns: 2.19.0
  readline: 1.3.0
lockfileVersion: 5.2
packages:
  /date-fns/2.19.0:
    dev: false
    engines:
      node: '>=0.11'
    resolution:
      integrity: sha512-X3bf2iTPgCAQp9wvjOQytnf5vO5rESYRXlPIVcgSbtT5OTScPcsf9eZU+B/YIkKAtYr5WeCii58BgATrNitlWg==
  /readline/1.3.0:
    dev: false
    resolution:
      integrity: sha512-k2d6ACCkiNYz222Fs/iNze30rRJ1iIicW7JuX/7/cozvih6YCkFZH+J6mAFDVgv0dRBaAyr4jDqC95R2y4IADg==
specifiers:
  date-fns: 2.19.0
  readline: ^1.3.0
